
Microsoft Visual Studio Solution File, Format Version 12.00
# Visual Studio Version 17
VisualStudioVersion = 17.0.31903.59
MinimumVisualStudioVersion = 10.0.40219.1
Project("{2150E333-8FDC-42A3-9474-1A3956D46DE8}") = "src", "src", "{A69E84A0-2CFD-458F-975F-8D9163AD80F3}"
EndProject
Project("{FAE04EC0-301F-11D3-BF4B-00C04F79EFBC}") = "ExApp.Agent", "src\ExApp.Agent\ExApp.Agent.csproj", "{507AF5E8-9FC8-4A5A-BF03-E4936B81B95B}"
EndProject
Project("{FAE04EC0-301F-11D3-BF4B-00C04F79EFBC}") = "ExApp.Core", "src\ExApp.Core\ExApp.Core.csproj", "{8A30E7F0-8B47-4DA7-A739-4F03F26B26FB}"
EndProject
Project("{FAE04EC0-301F-11D3-BF4B-00C04F79EFBC}") = "ExApp.Ipc", "src\ExApp.Ipc\ExApp.Ipc.csproj", "{3FD7039B-A80E-4FFE-9086-D88A7048AA05}"
EndProject
Project("{FAE04EC0-301F-11D3-BF4B-00C04F79EFBC}") = "ExApp.Packaging", "src\ExApp.Packaging\ExApp.Packaging.csproj", "{078C41D3-2CF2-4C60-9EB2-397493EED310}"
EndProject
Project("{FAE04EC0-301F-11D3-BF4B-00C04F79EFBC}") = "ExApp.ServiceRuntime", "src\ExApp.ServiceRuntime\ExApp.ServiceRuntime.csproj", "{F8A8DCB0-E5CE-41AD-A71D-070911A79A3A}"
EndProject
Project("{FAE04EC0-301F-11D3-BF4B-00C04F79EFBC}") = "ExApp.Updater", "src\ExApp.Updater\ExApp.Updater.csproj", "{A8CCED0C-DA6D-4239-9CA2-B40A4F96666B}"
EndProject
Project("{FAE04EC0-301F-11D3-BF4B-00C04F79EFBC}") = "ExApp.Diagnostics", "src\ExApp.Diagnostics\ExApp.Diagnostics.csproj", "{1257A7C6-EA36-442C-8A57-4B5AE8F909DB}"
EndProject
Project("{2150E333-8FDC-42A3-9474-1A3956D46DE8}") = "services", "services", "{690861A7-54D0-4BC1-B88F-7B3FFCAED072}"
EndProject
Project("{2150E333-8FDC-42A3-9474-1A3956D46DE8}") = "tests", "tests", "{B59FA862-0FA2-4B5F-BCF2-CED36F2CC003}"
EndProject
Project("{FAE04EC0-301F-11D3-BF4B-00C04F79EFBC}") = "ExApp.Packaging.Tests", "tests\ExApp.Packaging.Tests\ExApp.Packaging.Tests.csproj", "{3B71E7A5-917F-468F-A46E-08F2CCA2AF9E}"
EndProject
Project("{2150E333-8FDC-42A3-9474-1A3956D46DE8}") = "tools", "tools", "{F0E84946-434C-4B71-A4BF-9973666424C9}"
EndProject
Project("{FAE04EC0-301F-11D3-BF4B-00C04F79EFBC}") = "ExApp.PackageTool", "tools\ExApp.PackageTool\ExApp.PackageTool.csproj", "{3F7E3E21-3704-4EEE-AD64-8C873428A01C}"
EndProject
Project("{FAE04EC0-301F-11D3-BF4B-00C04F79EFBC}") = "ExApp.Ipc.Tests", "tests\ExApp.Ipc.Tests\ExApp.Ipc.Tests.csproj", "{F6E3F9FF-6275-40D8-BC24-4EAC4B1C8FC9}"
EndProject
Project("{FAE04EC0-301F-11D3-BF4B-00C04F79EFBC}") = "ExApp.Desktop", "src\ExApp.Desktop\ExApp.Desktop.csproj", "{FDC4FDFE-169E-4FAC-8E37-36AFCE265C2B}"
EndProject
Project("{FAE04EC0-301F-11D3-BF4B-00C04F79EFBC}") = "ExApp.Service.MockService", "services\MockService\ExApp.Service.MockService.csproj", "{6ECE8F5E-4EA8-4C36-8C72-71FF8AEDE72F}"
EndProject
Project("{FAE04EC0-301F-11D3-BF4B-00C04F79EFBC}") = "ExApp.Service.VpnClient", "services\VpnClient\ExApp.Service.VpnClient.csproj", "{655DE995-4650-4B6B-9BBF-A6405818743F}"
EndProject
Global
	GlobalSection(SolutionConfigurationPlatforms) = preSolution
		Debug|Any CPU = Debug|Any CPU
		Release|Any CPU = Release|Any CPU
	EndGlobalSection
	GlobalSection(ProjectConfigurationPlatforms) = postSolution
		{507AF5E8-9FC8-4A5A-BF03-E4936B81B95B}.Debug|Any CPU.ActiveCfg = Debug|Any CPU
		{507AF5E8-9FC8-4A5A-BF03-E4936B81B95B}.Debug|Any CPU.Build.0 = Debug|Any CPU
		{507AF5E8-9FC8-4A5A-BF03-E4936B81B95B}.Release|Any CPU.ActiveCfg = Release|Any CPU
		{507AF5E8-9FC8-4A5A-BF03-E4936B81B95B}.Release|Any CPU.Build.0 = Release|Any CPU
		{8A30E7F0-8B47-4DA7-A739-4F03F26B26FB}.Debug|Any CPU.ActiveCfg = Debug|Any CPU
		{8A30E7F0-8B47-4DA7-A739-4F03F26B26FB}.Debug|Any CPU.Build.0 = Debug|Any CPU
		{8A30E7F0-8B47-4DA7-A739-4F03F26B26FB}.Release|Any CPU.ActiveCfg = Release|Any CPU
		{8A30E7F0-8B47-4DA7-A739-4F03F26B26FB}.Release|Any CPU.Build.0 = Release|Any CPU
		{3FD7039B-A80E-4FFE-9086-D88A7048AA05}.Debug|Any CPU.ActiveCfg = Debug|Any CPU
		{3FD7039B-A80E-4FFE-9086-D88A7048AA05}.Debug|Any CPU.Build.0 = Debug|Any CPU
		{3FD7039B-A80E-4FFE-9086-D88A7048AA05}.Release|Any CPU.ActiveCfg = Release|Any CPU
		{3FD7039B-A80E-4FFE-9086-D88A7048AA05}.Release|Any CPU.Build.0 = Release|Any CPU
		{078C41D3-2CF2-4C60-9EB2-397493EED310}.Debug|Any CPU.ActiveCfg = Debug|Any CPU
		{078C41D3-2CF2-4C60-9EB2-397493EED310}.Debug|Any CPU.Build.0 = Debug|Any CPU
		{078C41D3-2CF2-4C60-9EB2-397493EED310}.Release|Any CPU.ActiveCfg = Release|Any CPU
		{078C41D3-2CF2-4C60-9EB2-397493EED310}.Release|Any CPU.Build.0 = Release|Any CPU
		{F8A8DCB0-E5CE-41AD-A71D-070911A79A3A}.Debug|Any CPU.ActiveCfg = Debug|Any CPU
		{F8A8DCB0-E5CE-41AD-A71D-070911A79A3A}.Debug|Any CPU.Build.0 = Debug|Any CPU
		{F8A8DCB0-E5CE-41AD-A71D-070911A79A3A}.Release|Any CPU.ActiveCfg = Release|Any CPU
		{F8A8DCB0-E5CE-41AD-A71D-070911A79A3A}.Release|Any CPU.Build.0 = Release|Any CPU
		{A8CCED0C-DA6D-4239-9CA2-B40A4F96666B}.Debug|Any CPU.ActiveCfg = Debug|Any CPU
		{A8CCED0C-DA6D-4239-9CA2-B40A4F96666B}.Debug|Any CPU.Build.0 = Debug|Any CPU
		{A8CCED0C-DA6D-4239-9CA2-B40A4F96666B}.Release|Any CPU.ActiveCfg = Release|Any CPU
		{A8CCED0C-DA6D-4239-9CA2-B40A4F96666B}.Release|Any CPU.Build.0 = Release|Any CPU
		{1257A7C6-EA36-442C-8A57-4B5AE8F909DB}.Debug|Any CPU.ActiveCfg = Debug|Any CPU
		{1257A7C6-EA36-442C-8A57-4B5AE8F909DB}.Debug|Any CPU.Build.0 = Debug|Any CPU
		{1257A7C6-EA36-442C-8A57-4B5AE8F909DB}.Release|Any CPU.ActiveCfg = Release|Any CPU
		{1257A7C6-EA36-442C-8A57-4B5AE8F909DB}.Release|Any CPU.Build.0 = Release|Any CPU
		{3B71E7A5-917F-468F-A46E-08F2CCA2AF9E}.Debug|Any CPU.ActiveCfg = Debug|Any CPU
		{3B71E7A5-917F-468F-A46E-08F2CCA2AF9E}.Debug|Any CPU.Build.0 = Debug|Any CPU
		{3B71E7A5-917F-468F-A46E-08F2CCA2AF9E}.Release|Any CPU.ActiveCfg = Release|Any CPU
		{3B71E7A5-917F-468F-A46E-08F2CCA2AF9E}.Release|Any CPU.Build.0 = Release|Any CPU
		{3F7E3E21-3704-4EEE-AD64-8C873428A01C}.Debug|Any CPU.ActiveCfg = Debug|Any CPU
		{3F7E3E21-3704-4EEE-AD64-8C873428A01C}.Debug|Any CPU.Build.0 = Debug|Any CPU
		{3F7E3E21-3704-4EEE-AD64-8C873428A01C}.Release|Any CPU.ActiveCfg = Release|Any CPU
		{3F7E3E21-3704-4EEE-AD64-8C873428A01C}.Release|Any CPU.Build.0 = Release|Any CPU
		{F6E3F9FF-6275-40D8-BC24-4EAC4B1C8FC9}.Debug|Any CPU.ActiveCfg = Debug|Any CPU
		{F6E3F9FF-6275-40D8-BC24-4EAC4B1C8FC9}.Debug|Any CPU.Build.0 = Debug|Any CPU
		{F6E3F9FF-6275-40D8-BC24-4EAC4B1C8FC9}.Release|Any CPU.ActiveCfg = Release|Any CPU
		{F6E3F9FF-6275-40D8-BC24-4EAC4B1C8FC9}.Release|Any CPU.Build.0 = Release|Any CPU
		{FDC4FDFE-169E-4FAC-8E37-36AFCE265C2B}.Debug|Any CPU.ActiveCfg = Debug|x86
		{FDC4FDFE-169E-4FAC-8E37-36AFCE265C2B}.Debug|Any CPU.Build.0 = Debug|x86
		{FDC4FDFE-169E-4FAC-8E37-36AFCE265C2B}.Release|Any CPU.ActiveCfg = Release|x86
		{FDC4FDFE-169E-4FAC-8E37-36AFCE265C2B}.Release|Any CPU.Build.0 = Release|x86
		{6ECE8F5E-4EA8-4C36-8C72-71FF8AEDE72F}.Debug|Any CPU.ActiveCfg = Debug|Any CPU
		{6ECE8F5E-4EA8-4C36-8C72-71FF8AEDE72F}.Debug|Any CPU.Build.0 = Debug|Any CPU
		{6ECE8F5E-4EA8-4C36-8C72-71FF8AEDE72F}.Release|Any CPU.ActiveCfg = Release|Any CPU
		{6ECE8F5E-4EA8-4C36-8C72-71FF8AEDE72F}.Release|Any CPU.Build.0 = Release|Any CPU
		{655DE995-4650-4B6B-9BBF-A6405818743F}.Debug|Any CPU.ActiveCfg = Debug|Any CPU
		{655DE995-4650-4B6B-9BBF-A6405818743F}.Debug|Any CPU.Build.0 = Debug|Any CPU
		{655DE995-4650-4B6B-9BBF-A6405818743F}.Release|Any CPU.ActiveCfg = Release|Any CPU
		{655DE995-4650-4B6B-9BBF-A6405818743F}.Release|Any CPU.Build.0 = Release|Any CPU
	EndGlobalSection
	GlobalSection(SolutionProperties) = preSolution
		HideSolutionNode = FALSE
	EndGlobalSection
	GlobalSection(NestedProjects) = preSolution
		{507AF5E8-9FC8-4A5A-BF03-E4936B81B95B} = {A69E84A0-2CFD-458F-975F-8D9163AD80F3}
		{8A30E7F0-8B47-4DA7-A739-4F03F26B26FB} = {A69E84A0-2CFD-458F-975F-8D9163AD80F3}
		{3FD7039B-A80E-4FFE-9086-D88A7048AA05} = {A69E84A0-2CFD-458F-975F-8D9163AD80F3}
		{078C41D3-2CF2-4C60-9EB2-397493EED310} = {A69E84A0-2CFD-458F-975F-8D9163AD80F3}
		{F8A8DCB0-E5CE-41AD-A71D-070911A79A3A} = {A69E84A0-2CFD-458F-975F-8D9163AD80F3}
		{A8CCED0C-DA6D-4239-9CA2-B40A4F96666B} = {A69E84A0-2CFD-458F-975F-8D9163AD80F3}
		{1257A7C6-EA36-442C-8A57-4B5AE8F909DB} = {A69E84A0-2CFD-458F-975F-8D9163AD80F3}
		{3B71E7A5-917F-468F-A46E-08F2CCA2AF9E} = {B59FA862-0FA2-4B5F-BCF2-CED36F2CC003}
		{3F7E3E21-3704-4EEE-AD64-8C873428A01C} = {F0E84946-434C-4B71-A4BF-9973666424C9}
		{F6E3F9FF-6275-40D8-BC24-4EAC4B1C8FC9} = {B59FA862-0FA2-4B5F-BCF2-CED36F2CC003}
		{FDC4FDFE-169E-4FAC-8E37-36AFCE265C2B} = {A69E84A0-2CFD-458F-975F-8D9163AD80F3}
		{6ECE8F5E-4EA8-4C36-8C72-71FF8AEDE72F} = {690861A7-54D0-4BC1-B88F-7B3FFCAED072}
		{655DE995-4650-4B6B-9BBF-A6405818743F} = {690861A7-54D0-4BC1-B88F-7B3FFCAED072}
	EndGlobalSection
EndGlobal
