
Microsoft Visual Studio Solution File, Format Version 12.00
# Visual Studio Version 17
VisualStudioVersion = 17.0.31903.59
MinimumVisualStudioVersion = 10.0.40219.1
Project("{2150E333-8FDC-42A3-9474-1A3956D46DE8}") = "src", "src", "{A69E84A0-2CFD-458F-975F-8D9163AD80F3}"
EndProject
Project("{FAE04EC0-301F-11D3-BF4B-00C04F79EFBC}") = "MyApp.Desktop", "src\MyApp.Desktop\MyApp.Desktop.csproj", "{4B71F73C-8D6F-444C-8A90-065D421C6C27}"
EndProject
Project("{FAE04EC0-301F-11D3-BF4B-00C04F79EFBC}") = "MyApp.Agent", "src\MyApp.Agent\MyApp.Agent.csproj", "{507AF5E8-9FC8-4A5A-BF03-E4936B81B95B}"
EndProject
Project("{FAE04EC0-301F-11D3-BF4B-00C04F79EFBC}") = "MyApp.Core", "src\MyApp.Core\MyApp.Core.csproj", "{8A30E7F0-8B47-4DA7-A739-4F03F26B26FB}"
EndProject
Project("{FAE04EC0-301F-11D3-BF4B-00C04F79EFBC}") = "MyApp.Ipc", "src\MyApp.Ipc\MyApp.Ipc.csproj", "{3FD7039B-A80E-4FFE-9086-D88A7048AA05}"
EndProject
Project("{FAE04EC0-301F-11D3-BF4B-00C04F79EFBC}") = "MyApp.Packaging", "src\MyApp.Packaging\MyApp.Packaging.csproj", "{078C41D3-2CF2-4C60-9EB2-397493EED310}"
EndProject
Project("{FAE04EC0-301F-11D3-BF4B-00C04F79EFBC}") = "MyApp.ServiceRuntime", "src\MyApp.ServiceRuntime\MyApp.ServiceRuntime.csproj", "{F8A8DCB0-E5CE-41AD-A71D-070911A79A3A}"
EndProject
Project("{FAE04EC0-301F-11D3-BF4B-00C04F79EFBC}") = "MyApp.Updater", "src\MyApp.Updater\MyApp.Updater.csproj", "{A8CCED0C-DA6D-4239-9CA2-B40A4F96666B}"
EndProject
Project("{FAE04EC0-301F-11D3-BF4B-00C04F79EFBC}") = "MyApp.Diagnostics", "src\MyApp.Diagnostics\MyApp.Diagnostics.csproj", "{1257A7C6-EA36-442C-8A57-4B5AE8F909DB}"
EndProject
Project("{2150E333-8FDC-42A3-9474-1A3956D46DE8}") = "services", "services", "{690861A7-54D0-4BC1-B88F-7B3FFCAED072}"
EndProject
Project("{FAE04EC0-301F-11D3-BF4B-00C04F79EFBC}") = "MyApp.Service.MockService", "services\MockService\MyApp.Service.MockService.csproj", "{C3009F47-7320-4445-BC9B-329DFE177CED}"
EndProject
Project("{2150E333-8FDC-42A3-9474-1A3956D46DE8}") = "tests", "tests", "{B59FA862-0FA2-4B5F-BCF2-CED36F2CC003}"
EndProject
Project("{FAE04EC0-301F-11D3-BF4B-00C04F79EFBC}") = "MyApp.Packaging.Tests", "tests\MyApp.Packaging.Tests\MyApp.Packaging.Tests.csproj", "{3B71E7A5-917F-468F-A46E-08F2CCA2AF9E}"
EndProject
Project("{2150E333-8FDC-42A3-9474-1A3956D46DE8}") = "tools", "tools", "{F0E84946-434C-4B71-A4BF-9973666424C9}"
EndProject
Project("{FAE04EC0-301F-11D3-BF4B-00C04F79EFBC}") = "MyApp.PackageTool", "tools\MyApp.PackageTool\MyApp.PackageTool.csproj", "{3F7E3E21-3704-4EEE-AD64-8C873428A01C}"
EndProject
Project("{FAE04EC0-301F-11D3-BF4B-00C04F79EFBC}") = "MyApp.Ipc.Tests", "tests\MyApp.Ipc.Tests\MyApp.Ipc.Tests.csproj", "{F6E3F9FF-6275-40D8-BC24-4EAC4B1C8FC9}"
EndProject
Project("{FAE04EC0-301F-11D3-BF4B-00C04F79EFBC}") = "MyApp.Service.VpnClient", "services\VpnClient\MyApp.Service.VpnClient.csproj", "{BEC43E7B-7D47-4916-83B0-4A1CE7B92CC1}"
EndProject
Global
	GlobalSection(SolutionConfigurationPlatforms) = preSolution
		Debug|Any CPU = Debug|Any CPU
		Release|Any CPU = Release|Any CPU
	EndGlobalSection
	GlobalSection(SolutionProperties) = preSolution
		HideSolutionNode = FALSE
	EndGlobalSection
	GlobalSection(ProjectConfigurationPlatforms) = postSolution
		{4B71F73C-8D6F-444C-8A90-065D421C6C27}.Debug|Any CPU.ActiveCfg = Debug|x86
		{4B71F73C-8D6F-444C-8A90-065D421C6C27}.Debug|Any CPU.Build.0 = Debug|x86
		{4B71F73C-8D6F-444C-8A90-065D421C6C27}.Release|Any CPU.ActiveCfg = Release|x86
		{4B71F73C-8D6F-444C-8A90-065D421C6C27}.Release|Any CPU.Build.0 = Release|x86
		{507AF5E8-9FC8-4A5A-BF03-E4936B81B95B}.Debug|Any CPU.ActiveCfg = Debug|Any CPU
		{507AF5E8-9FC8-4A5A-BF03-E4936B81B95B}.Debug|Any CPU.Build.0 = Debug|Any CPU
		{507AF5E8-9FC8-4A5A-BF03-E4936B81B95B}.Release|Any CPU.ActiveCfg = Release|Any CPU
		{507AF5E8-9FC8-4A5A-BF03-E4936B81B95B}.Release|Any CPU.Build.0 = Release|Any CPU
		{8A30E7F0-8B47-4DA7-A739-4F03F26B26FB}.Debug|Any CPU.ActiveCfg = Debug|Any CPU
		{8A30E7F0-8B47-4DA7-A739-4F03F26B26FB}.Debug|Any CPU.Build.0 = Debug|Any CPU
		{8A30E7F0-8B47-4DA7-A739-4F03F26B26FB}.Release|Any CPU.ActiveCfg = Release|Any CPU
		{8A30E7F0-8B47-4DA7-A739-4F03F26B26FB}.Release|Any CPU.Build.0 = Release|Any CPU
		{3FD7039B-A80E-4FFE-9086-D88A7048AA05}.Debug|Any CPU.ActiveCfg = Debug|Any CPU
		{3FD7039B-A80E-4FFE-9086-D88A7048AA05}.Debug|Any CPU.Build.0 = Debug|Any CPU
		{3FD7039B-A80E-4FFE-9086-D88A7048AA05}.Release|Any CPU.ActiveCfg = Release|Any CPU
		{3FD7039B-A80E-4FFE-9086-D88A7048AA05}.Release|Any CPU.Build.0 = Release|Any CPU
		{078C41D3-2CF2-4C60-9EB2-397493EED310}.Debug|Any CPU.ActiveCfg = Debug|Any CPU
		{078C41D3-2CF2-4C60-9EB2-397493EED310}.Debug|Any CPU.Build.0 = Debug|Any CPU
		{078C41D3-2CF2-4C60-9EB2-397493EED310}.Release|Any CPU.ActiveCfg = Release|Any CPU
		{078C41D3-2CF2-4C60-9EB2-397493EED310}.Release|Any CPU.Build.0 = Release|Any CPU
		{F8A8DCB0-E5CE-41AD-A71D-070911A79A3A}.Debug|Any CPU.ActiveCfg = Debug|Any CPU
		{F8A8DCB0-E5CE-41AD-A71D-070911A79A3A}.Debug|Any CPU.Build.0 = Debug|Any CPU
		{F8A8DCB0-E5CE-41AD-A71D-070911A79A3A}.Release|Any CPU.ActiveCfg = Release|Any CPU
		{F8A8DCB0-E5CE-41AD-A71D-070911A79A3A}.Release|Any CPU.Build.0 = Release|Any CPU
		{A8CCED0C-DA6D-4239-9CA2-B40A4F96666B}.Debug|Any CPU.ActiveCfg = Debug|Any CPU
		{A8CCED0C-DA6D-4239-9CA2-B40A4F96666B}.Debug|Any CPU.Build.0 = Debug|Any CPU
		{A8CCED0C-DA6D-4239-9CA2-B40A4F96666B}.Release|Any CPU.ActiveCfg = Release|Any CPU
		{A8CCED0C-DA6D-4239-9CA2-B40A4F96666B}.Release|Any CPU.Build.0 = Release|Any CPU
		{1257A7C6-EA36-442C-8A57-4B5AE8F909DB}.Debug|Any CPU.ActiveCfg = Debug|Any CPU
		{1257A7C6-EA36-442C-8A57-4B5AE8F909DB}.Debug|Any CPU.Build.0 = Debug|Any CPU
		{1257A7C6-EA36-442C-8A57-4B5AE8F909DB}.Release|Any CPU.ActiveCfg = Release|Any CPU
		{1257A7C6-EA36-442C-8A57-4B5AE8F909DB}.Release|Any CPU.Build.0 = Release|Any CPU
		{C3009F47-7320-4445-BC9B-329DFE177CED}.Debug|Any CPU.ActiveCfg = Debug|Any CPU
		{C3009F47-7320-4445-BC9B-329DFE177CED}.Debug|Any CPU.Build.0 = Debug|Any CPU
		{C3009F47-7320-4445-BC9B-329DFE177CED}.Release|Any CPU.ActiveCfg = Release|Any CPU
		{C3009F47-7320-4445-BC9B-329DFE177CED}.Release|Any CPU.Build.0 = Release|Any CPU
		{3B71E7A5-917F-468F-A46E-08F2CCA2AF9E}.Debug|Any CPU.ActiveCfg = Debug|Any CPU
		{3B71E7A5-917F-468F-A46E-08F2CCA2AF9E}.Debug|Any CPU.Build.0 = Debug|Any CPU
		{3B71E7A5-917F-468F-A46E-08F2CCA2AF9E}.Release|Any CPU.ActiveCfg = Release|Any CPU
		{3B71E7A5-917F-468F-A46E-08F2CCA2AF9E}.Release|Any CPU.Build.0 = Release|Any CPU
		{3F7E3E21-3704-4EEE-AD64-8C873428A01C}.Debug|Any CPU.ActiveCfg = Debug|Any CPU
		{3F7E3E21-3704-4EEE-AD64-8C873428A01C}.Debug|Any CPU.Build.0 = Debug|Any CPU
		{3F7E3E21-3704-4EEE-AD64-8C873428A01C}.Release|Any CPU.ActiveCfg = Release|Any CPU
		{3F7E3E21-3704-4EEE-AD64-8C873428A01C}.Release|Any CPU.Build.0 = Release|Any CPU
		{F6E3F9FF-6275-40D8-BC24-4EAC4B1C8FC9}.Debug|Any CPU.ActiveCfg = Debug|Any CPU
		{F6E3F9FF-6275-40D8-BC24-4EAC4B1C8FC9}.Debug|Any CPU.Build.0 = Debug|Any CPU
		{F6E3F9FF-6275-40D8-BC24-4EAC4B1C8FC9}.Release|Any CPU.ActiveCfg = Release|Any CPU
		{F6E3F9FF-6275-40D8-BC24-4EAC4B1C8FC9}.Release|Any CPU.Build.0 = Release|Any CPU
		{BEC43E7B-7D47-4916-83B0-4A1CE7B92CC1}.Debug|Any CPU.ActiveCfg = Debug|Any CPU
		{BEC43E7B-7D47-4916-83B0-4A1CE7B92CC1}.Debug|Any CPU.Build.0 = Debug|Any CPU
		{BEC43E7B-7D47-4916-83B0-4A1CE7B92CC1}.Release|Any CPU.ActiveCfg = Release|Any CPU
		{BEC43E7B-7D47-4916-83B0-4A1CE7B92CC1}.Release|Any CPU.Build.0 = Release|Any CPU
	EndGlobalSection
	GlobalSection(NestedProjects) = preSolution
		{4B71F73C-8D6F-444C-8A90-065D421C6C27} = {A69E84A0-2CFD-458F-975F-8D9163AD80F3}
		{507AF5E8-9FC8-4A5A-BF03-E4936B81B95B} = {A69E84A0-2CFD-458F-975F-8D9163AD80F3}
		{8A30E7F0-8B47-4DA7-A739-4F03F26B26FB} = {A69E84A0-2CFD-458F-975F-8D9163AD80F3}
		{3FD7039B-A80E-4FFE-9086-D88A7048AA05} = {A69E84A0-2CFD-458F-975F-8D9163AD80F3}
		{078C41D3-2CF2-4C60-9EB2-397493EED310} = {A69E84A0-2CFD-458F-975F-8D9163AD80F3}
		{F8A8DCB0-E5CE-41AD-A71D-070911A79A3A} = {A69E84A0-2CFD-458F-975F-8D9163AD80F3}
		{A8CCED0C-DA6D-4239-9CA2-B40A4F96666B} = {A69E84A0-2CFD-458F-975F-8D9163AD80F3}
		{1257A7C6-EA36-442C-8A57-4B5AE8F909DB} = {A69E84A0-2CFD-458F-975F-8D9163AD80F3}
		{C3009F47-7320-4445-BC9B-329DFE177CED} = {690861A7-54D0-4BC1-B88F-7B3FFCAED072}
		{3B71E7A5-917F-468F-A46E-08F2CCA2AF9E} = {B59FA862-0FA2-4B5F-BCF2-CED36F2CC003}
		{3F7E3E21-3704-4EEE-AD64-8C873428A01C} = {F0E84946-434C-4B71-A4BF-9973666424C9}
		{F6E3F9FF-6275-40D8-BC24-4EAC4B1C8FC9} = {B59FA862-0FA2-4B5F-BCF2-CED36F2CC003}
		{BEC43E7B-7D47-4916-83B0-4A1CE7B92CC1} = {690861A7-54D0-4BC1-B88F-7B3FFCAED072}
	EndGlobalSection
EndGlobal
